
Microsoft Visual Studio Solution File, Format Version 12.00
# Visual Studio Version 17
VisualStudioVersion = 17.0.31903.59
MinimumVisualStudioVersion = 10.0.40219.1
Project("{2150E333-8FDC-42A3-9474-1A3956D46DE8}") = "src", "src", "{57FFE778-C506-4691-B236-BB5B6EE7C21B}"
EndProject
Project("{FAE04EC0-301F-11D3-BF4B-00C04F79EFBC}") = "AuctionService", "src\AuctionService\AuctionService.csproj", "{439652B0-DC61-4583-8EB4-856A6869E643}"
EndProject
Project("{FAE04EC0-301F-11D3-BF4B-00C04F79EFBC}") = "SearchService", "src\SearchService\SearchService.csproj", "{E4381C1E-C24C-4247-862F-6E1A80769C95}"
EndProject
Project("{FAE04EC0-301F-11D3-BF4B-00C04F79EFBC}") = "Contracts", "src\Contracts\Contracts.csproj", "{008608DF-418F-46FA-9366-E3225CE90A32}"
EndProject
Project("{FAE04EC0-301F-11D3-BF4B-00C04F79EFBC}") = "IdentityService", "src\IdentityService\IdentityService.csproj", "{6D482871-4A20-4E98-9776-8ED48E4D12D2}"
EndProject
Project("{FAE04EC0-301F-11D3-BF4B-00C04F79EFBC}") = "GatewayService", "src\GatewayService\GatewayService.csproj", "{336DB240-F19E-4564-8A5F-58FB20ACC47A}"
EndProject
Global
	GlobalSection(SolutionConfigurationPlatforms) = preSolution
		Debug|Any CPU = Debug|Any CPU
		Release|Any CPU = Release|Any CPU
	EndGlobalSection
	GlobalSection(SolutionProperties) = preSolution
		HideSolutionNode = FALSE
	EndGlobalSection
	GlobalSection(ProjectConfigurationPlatforms) = postSolution
		{439652B0-DC61-4583-8EB4-856A6869E643}.Debug|Any CPU.ActiveCfg = Debug|Any CPU
		{439652B0-DC61-4583-8EB4-856A6869E643}.Debug|Any CPU.Build.0 = Debug|Any CPU
		{439652B0-DC61-4583-8EB4-856A6869E643}.Release|Any CPU.ActiveCfg = Release|Any CPU
		{439652B0-DC61-4583-8EB4-856A6869E643}.Release|Any CPU.Build.0 = Release|Any CPU
		{E4381C1E-C24C-4247-862F-6E1A80769C95}.Debug|Any CPU.ActiveCfg = Debug|Any CPU
		{E4381C1E-C24C-4247-862F-6E1A80769C95}.Debug|Any CPU.Build.0 = Debug|Any CPU
		{E4381C1E-C24C-4247-862F-6E1A80769C95}.Release|Any CPU.ActiveCfg = Release|Any CPU
		{E4381C1E-C24C-4247-862F-6E1A80769C95}.Release|Any CPU.Build.0 = Release|Any CPU
		{008608DF-418F-46FA-9366-E3225CE90A32}.Debug|Any CPU.ActiveCfg = Debug|Any CPU
		{008608DF-418F-46FA-9366-E3225CE90A32}.Debug|Any CPU.Build.0 = Debug|Any CPU
		{008608DF-418F-46FA-9366-E3225CE90A32}.Release|Any CPU.ActiveCfg = Release|Any CPU
		{008608DF-418F-46FA-9366-E3225CE90A32}.Release|Any CPU.Build.0 = Release|Any CPU
		{6D482871-4A20-4E98-9776-8ED48E4D12D2}.Debug|Any CPU.ActiveCfg = Debug|Any CPU
		{6D482871-4A20-4E98-9776-8ED48E4D12D2}.Debug|Any CPU.Build.0 = Debug|Any CPU
		{6D482871-4A20-4E98-9776-8ED48E4D12D2}.Release|Any CPU.ActiveCfg = Release|Any CPU
		{6D482871-4A20-4E98-9776-8ED48E4D12D2}.Release|Any CPU.Build.0 = Release|Any CPU
		{336DB240-F19E-4564-8A5F-58FB20ACC47A}.Debug|Any CPU.ActiveCfg = Debug|Any CPU
		{336DB240-F19E-4564-8A5F-58FB20ACC47A}.Debug|Any CPU.Build.0 = Debug|Any CPU
		{336DB240-F19E-4564-8A5F-58FB20ACC47A}.Release|Any CPU.ActiveCfg = Release|Any CPU
		{336DB240-F19E-4564-8A5F-58FB20ACC47A}.Release|Any CPU.Build.0 = Release|Any CPU
	EndGlobalSection
	GlobalSection(NestedProjects) = preSolution
		{439652B0-DC61-4583-8EB4-856A6869E643} = {57FFE778-C506-4691-B236-BB5B6EE7C21B}
		{E4381C1E-C24C-4247-862F-6E1A80769C95} = {57FFE778-C506-4691-B236-BB5B6EE7C21B}
		{008608DF-418F-46FA-9366-E3225CE90A32} = {57FFE778-C506-4691-B236-BB5B6EE7C21B}
		{6D482871-4A20-4E98-9776-8ED48E4D12D2} = {57FFE778-C506-4691-B236-BB5B6EE7C21B}
		{336DB240-F19E-4564-8A5F-58FB20ACC47A} = {57FFE778-C506-4691-B236-BB5B6EE7C21B}
	EndGlobalSection
EndGlobal
